
Microsoft Visual Studio Solution File, Format Version 12.00
# Visual Studio Version 17
VisualStudioVersion = 17.7.34031.279
MinimumVisualStudioVersion = 10.0.40219.1
Project("{9A19103F-16F7-4668-BE54-9A1E7A4F7556}") = "Harmonize", "Harmonize.csproj", "{B3591BD7-A5F1-4062-A1A5-826DAADD4827}"
EndProject
Project("{2150E333-8FDC-42A3-9474-1A3956D46DE8}") = "Channels", "Channels", "{3AF64972-1FF3-4B63-9915-1788C307D5CA}"
EndProject
Project("{2150E333-8FDC-42A3-9474-1A3956D46DE8}") = "Plugins", "Plugins", "{ABB9692D-BDE0-46F5-A92D-3BD83D2E94B8}"
EndProject
Project("{2150E333-8FDC-42A3-9474-1A3956D46DE8}") = "Test", "Test", "{1BEAF1E9-8D56-4554-ABF1-7BF888E9A221}"
EndProject
Project("{2150E333-8FDC-42A3-9474-1A3956D46DE8}") = "Demo", "Demo", "{0D979CDD-4CCE-4B39-BABB-E762592D6AAF}"
EndProject
Project("{9A19103F-16F7-4668-BE54-9A1E7A4F7556}") = "DemoApi", "..\DemoApi\DemoApi.csproj", "{ED5A0B32-C66A-434C-B2E5-6063A0C02F89}"
EndProject
Project("{9A19103F-16F7-4668-BE54-9A1E7A4F7556}") = "Harmonize.UnitTest", "..\Harmonize.UnitTest\Harmonize.UnitTest.csproj", "{58503127-A9BB-40D9-907B-88E6D6A8D645}"
EndProject
Project("{9A19103F-16F7-4668-BE54-9A1E7A4F7556}") = "Harmonize.Common", "..\Harmonize.Common\Harmonize.Common.csproj", "{27EF656D-1FD1-418A-A524-0D32F586ECCF}"
EndProject
Project("{9A19103F-16F7-4668-BE54-9A1E7A4F7556}") = "Harmonize.CommonTest", "..\HArmonize.CommonTest\Harmonize.CommonTest.csproj", "{5DCF32FE-533F-4E39-9735-BE39244D475C}"
EndProject
Project("{9A19103F-16F7-4668-BE54-9A1E7A4F7556}") = "Harmonize.Channel", "..\Harmonize.IChannel\Harmonize.Channel.csproj", "{A4AC6ECB-9BE0-4BE5-979E-DD86F98746F5}"
EndProject
Project("{9A19103F-16F7-4668-BE54-9A1E7A4F7556}") = "Harmonize.UnboundMemoryChannel", "..\Harmonize.UnboundMemoryChannel\Harmonize.UnboundMemoryChannel.csproj", "{0058F007-212B-4F69-A611-F4BAEC9B476A}"
EndProject
Project("{2150E333-8FDC-42A3-9474-1A3956D46DE8}") = "Solution Items", "Solution Items", "{0418EE20-412B-4A90-87CC-7E038259E75F}"
	ProjectSection(SolutionItems) = preProject
		..\README.md = ..\README.md
	EndProjectSection
EndProject
Project("{FAE04EC0-301F-11D3-BF4B-00C04F79EFBC}") = "Harmonize.BoundMemoryChannel", "..\Harmonize.BoundMemoryChannel\Harmonize.BoundMemoryChannel.csproj", "{F6A69B44-8A7E-43DE-B660-5B0BBB42AA72}"
EndProject
Global
	GlobalSection(SolutionConfigurationPlatforms) = preSolution
		Debug|Any CPU = Debug|Any CPU
		Release|Any CPU = Release|Any CPU
	EndGlobalSection
	GlobalSection(ProjectConfigurationPlatforms) = postSolution
		{B3591BD7-A5F1-4062-A1A5-826DAADD4827}.Debug|Any CPU.ActiveCfg = Debug|Any CPU
		{B3591BD7-A5F1-4062-A1A5-826DAADD4827}.Debug|Any CPU.Build.0 = Debug|Any CPU
		{B3591BD7-A5F1-4062-A1A5-826DAADD4827}.Release|Any CPU.ActiveCfg = Release|Any CPU
		{B3591BD7-A5F1-4062-A1A5-826DAADD4827}.Release|Any CPU.Build.0 = Release|Any CPU
		{ED5A0B32-C66A-434C-B2E5-6063A0C02F89}.Debug|Any CPU.ActiveCfg = Debug|Any CPU
		{ED5A0B32-C66A-434C-B2E5-6063A0C02F89}.Debug|Any CPU.Build.0 = Debug|Any CPU
		{ED5A0B32-C66A-434C-B2E5-6063A0C02F89}.Release|Any CPU.ActiveCfg = Release|Any CPU
		{ED5A0B32-C66A-434C-B2E5-6063A0C02F89}.Release|Any CPU.Build.0 = Release|Any CPU
		{58503127-A9BB-40D9-907B-88E6D6A8D645}.Debug|Any CPU.ActiveCfg = Debug|Any CPU
		{58503127-A9BB-40D9-907B-88E6D6A8D645}.Debug|Any CPU.Build.0 = Debug|Any CPU
		{58503127-A9BB-40D9-907B-88E6D6A8D645}.Release|Any CPU.ActiveCfg = Release|Any CPU
		{58503127-A9BB-40D9-907B-88E6D6A8D645}.Release|Any CPU.Build.0 = Release|Any CPU
		{27EF656D-1FD1-418A-A524-0D32F586ECCF}.Debug|Any CPU.ActiveCfg = Debug|Any CPU
		{27EF656D-1FD1-418A-A524-0D32F586ECCF}.Debug|Any CPU.Build.0 = Debug|Any CPU
		{27EF656D-1FD1-418A-A524-0D32F586ECCF}.Release|Any CPU.ActiveCfg = Release|Any CPU
		{27EF656D-1FD1-418A-A524-0D32F586ECCF}.Release|Any CPU.Build.0 = Release|Any CPU
		{5DCF32FE-533F-4E39-9735-BE39244D475C}.Debug|Any CPU.ActiveCfg = Debug|Any CPU
		{5DCF32FE-533F-4E39-9735-BE39244D475C}.Debug|Any CPU.Build.0 = Debug|Any CPU
		{5DCF32FE-533F-4E39-9735-BE39244D475C}.Release|Any CPU.ActiveCfg = Release|Any CPU
		{5DCF32FE-533F-4E39-9735-BE39244D475C}.Release|Any CPU.Build.0 = Release|Any CPU
		{A4AC6ECB-9BE0-4BE5-979E-DD86F98746F5}.Debug|Any CPU.ActiveCfg = Debug|Any CPU
		{A4AC6ECB-9BE0-4BE5-979E-DD86F98746F5}.Debug|Any CPU.Build.0 = Debug|Any CPU
		{A4AC6ECB-9BE0-4BE5-979E-DD86F98746F5}.Release|Any CPU.ActiveCfg = Release|Any CPU
		{A4AC6ECB-9BE0-4BE5-979E-DD86F98746F5}.Release|Any CPU.Build.0 = Release|Any CPU
		{0058F007-212B-4F69-A611-F4BAEC9B476A}.Debug|Any CPU.ActiveCfg = Debug|Any CPU
		{0058F007-212B-4F69-A611-F4BAEC9B476A}.Debug|Any CPU.Build.0 = Debug|Any CPU
		{0058F007-212B-4F69-A611-F4BAEC9B476A}.Release|Any CPU.ActiveCfg = Release|Any CPU
		{0058F007-212B-4F69-A611-F4BAEC9B476A}.Release|Any CPU.Build.0 = Release|Any CPU
		{F6A69B44-8A7E-43DE-B660-5B0BBB42AA72}.Debug|Any CPU.ActiveCfg = Debug|Any CPU
		{F6A69B44-8A7E-43DE-B660-5B0BBB42AA72}.Debug|Any CPU.Build.0 = Debug|Any CPU
		{F6A69B44-8A7E-43DE-B660-5B0BBB42AA72}.Release|Any CPU.ActiveCfg = Release|Any CPU
		{F6A69B44-8A7E-43DE-B660-5B0BBB42AA72}.Release|Any CPU.Build.0 = Release|Any CPU
	EndGlobalSection
	GlobalSection(SolutionProperties) = preSolution
		HideSolutionNode = FALSE
	EndGlobalSection
	GlobalSection(NestedProjects) = preSolution
		{ED5A0B32-C66A-434C-B2E5-6063A0C02F89} = {0D979CDD-4CCE-4B39-BABB-E762592D6AAF}
		{58503127-A9BB-40D9-907B-88E6D6A8D645} = {1BEAF1E9-8D56-4554-ABF1-7BF888E9A221}
		{5DCF32FE-533F-4E39-9735-BE39244D475C} = {1BEAF1E9-8D56-4554-ABF1-7BF888E9A221}
		{0058F007-212B-4F69-A611-F4BAEC9B476A} = {3AF64972-1FF3-4B63-9915-1788C307D5CA}
		{F6A69B44-8A7E-43DE-B660-5B0BBB42AA72} = {3AF64972-1FF3-4B63-9915-1788C307D5CA}
	EndGlobalSection
	GlobalSection(ExtensibilityGlobals) = postSolution
		SolutionGuid = {D5771569-CDC7-4660-A197-315D26844B04}
	EndGlobalSection
EndGlobal
